
Microsoft Visual Studio Solution File, Format Version 12.00
# Visual Studio 15
VisualStudioVersion = 15.0.28307.757
MinimumVisualStudioVersion = 10.0.40219.1
Project("{FAE04EC0-301F-11D3-BF4B-00C04F79EFBC}") = "PetStoreTests", "PetStoreTests\PetStoreTests.csproj", "{A6F5745B-096F-4706-946B-0BF3B1BDB6A1}"
EndProject
Global
	GlobalSection(SolutionConfigurationPlatforms) = preSolution
		Debug|Any CPU = Debug|Any CPU
		Release|Any CPU = Release|Any CPU
	EndGlobalSection
	GlobalSection(ProjectConfigurationPlatforms) = postSolution
		{A6F5745B-096F-4706-946B-0BF3B1BDB6A1}.Debug|Any CPU.ActiveCfg = Debug|Any CPU
		{A6F5745B-096F-4706-946B-0BF3B1BDB6A1}.Debug|Any CPU.Build.0 = Debug|Any CPU
		{A6F5745B-096F-4706-946B-0BF3B1BDB6A1}.Release|Any CPU.ActiveCfg = Release|Any CPU
		{A6F5745B-096F-4706-946B-0BF3B1BDB6A1}.Release|Any CPU.Build.0 = Release|Any CPU
	EndGlobalSection
	GlobalSection(SolutionProperties) = preSolution
		HideSolutionNode = FALSE
	EndGlobalSection
	GlobalSection(ExtensibilityGlobals) = postSolution
		SolutionGuid = {0A40E323-A668-49B2-8C05-70C9E416FB74}
	EndGlobalSection
EndGlobal
